
Microsoft Visual Studio Solution File, Format Version 12.00
# Visual Studio Version 16
VisualStudioVersion = 16.0.29326.143
MinimumVisualStudioVersion = 10.0.40219.1
Project("{FAE04EC0-301F-11D3-BF4B-00C04F79EFBC}") = "StockManagement", "StockManagement.csproj", "{0726E1FD-FD86-4764-B15E-F774240F87EB}"
EndProject
Global
	GlobalSection(SolutionConfigurationPlatforms) = preSolution
		Debug|Any CPU = Debug|Any CPU
		Release|Any CPU = Release|Any CPU
	EndGlobalSection
	GlobalSection(ProjectConfigurationPlatforms) = postSolution
		{0726E1FD-FD86-4764-B15E-F774240F87EB}.Debug|Any CPU.ActiveCfg = Debug|Any CPU
		{0726E1FD-FD86-4764-B15E-F774240F87EB}.Debug|Any CPU.Build.0 = Debug|Any CPU
		{0726E1FD-FD86-4764-B15E-F774240F87EB}.Release|Any CPU.ActiveCfg = Release|Any CPU
		{0726E1FD-FD86-4764-B15E-F774240F87EB}.Release|Any CPU.Build.0 = Release|Any CPU
	EndGlobalSection
	GlobalSection(SolutionProperties) = preSolution
		HideSolutionNode = FALSE
	EndGlobalSection
	GlobalSection(ExtensibilityGlobals) = postSolution
		SolutionGuid = {B144535F-48AD-4E3C-87F2-DAA76DF40848}
	EndGlobalSection
EndGlobal
